
Microsoft Visual Studio Solution File, Format Version 12.00
# Visual Studio 15
VisualStudioVersion = 15.0.28307.271
MinimumVisualStudioVersion = 10.0.40219.1
Project("{FAE04EC0-301F-11D3-BF4B-00C04F79EFBC}") = "JumpTesting", "JumpTesting\JumpTesting.csproj", "{7498F834-B5E0-490F-9B91-17F731D896B9}"
EndProject
Global
	GlobalSection(SolutionConfigurationPlatforms) = preSolution
		Debug|Any CPU = Debug|Any CPU
		Release|Any CPU = Release|Any CPU
	EndGlobalSection
	GlobalSection(ProjectConfigurationPlatforms) = postSolution
		{7498F834-B5E0-490F-9B91-17F731D896B9}.Debug|Any CPU.ActiveCfg = Debug|Any CPU
		{7498F834-B5E0-490F-9B91-17F731D896B9}.Debug|Any CPU.Build.0 = Debug|Any CPU
		{7498F834-B5E0-490F-9B91-17F731D896B9}.Release|Any CPU.ActiveCfg = Release|Any CPU
		{7498F834-B5E0-490F-9B91-17F731D896B9}.Release|Any CPU.Build.0 = Release|Any CPU
	EndGlobalSection
	GlobalSection(SolutionProperties) = preSolution
		HideSolutionNode = FALSE
	EndGlobalSection
	GlobalSection(ExtensibilityGlobals) = postSolution
		SolutionGuid = {4C2C9025-4516-4AC1-B7BB-B468F89EAD3D}
	EndGlobalSection
EndGlobal
